
Microsoft Visual Studio Solution File, Format Version 12.00
# Visual Studio Version 16
VisualStudioVersion = 16.0.30204.135
MinimumVisualStudioVersion = 10.0.40219.1
Project("{FAE04EC0-301F-11D3-BF4B-00C04F79EFBC}") = "ServerMusicBSD", "ServerMusicBSD\ServerMusicBSD.csproj", "{D416AA60-E0BC-4015-BDB7-92E3A045AF4C}"
EndProject
Project("{FAE04EC0-301F-11D3-BF4B-00C04F79EFBC}") = "DAL", "DAL\DAL.csproj", "{8EE9EA59-CE76-4E3C-BEE4-E787FE9456F3}"
EndProject
Project("{FAE04EC0-301F-11D3-BF4B-00C04F79EFBC}") = "BL", "BL\BL.csproj", "{46983E4E-CB28-47BF-BB85-6B4A50C0CEA9}"
EndProject
Project("{FAE04EC0-301F-11D3-BF4B-00C04F79EFBC}") = "DTO", "DTO\DTO.csproj", "{37CDDC10-F1CD-43D8-90D8-94870BD08EE5}"
EndProject
Global
	GlobalSection(SolutionConfigurationPlatforms) = preSolution
		Debug|Any CPU = Debug|Any CPU
		Release|Any CPU = Release|Any CPU
	EndGlobalSection
	GlobalSection(ProjectConfigurationPlatforms) = postSolution
		{D416AA60-E0BC-4015-BDB7-92E3A045AF4C}.Debug|Any CPU.ActiveCfg = Debug|Any CPU
		{D416AA60-E0BC-4015-BDB7-92E3A045AF4C}.Debug|Any CPU.Build.0 = Debug|Any CPU
		{D416AA60-E0BC-4015-BDB7-92E3A045AF4C}.Release|Any CPU.ActiveCfg = Release|Any CPU
		{D416AA60-E0BC-4015-BDB7-92E3A045AF4C}.Release|Any CPU.Build.0 = Release|Any CPU
		{8EE9EA59-CE76-4E3C-BEE4-E787FE9456F3}.Debug|Any CPU.ActiveCfg = Debug|Any CPU
		{8EE9EA59-CE76-4E3C-BEE4-E787FE9456F3}.Debug|Any CPU.Build.0 = Debug|Any CPU
		{8EE9EA59-CE76-4E3C-BEE4-E787FE9456F3}.Release|Any CPU.ActiveCfg = Release|Any CPU
		{8EE9EA59-CE76-4E3C-BEE4-E787FE9456F3}.Release|Any CPU.Build.0 = Release|Any CPU
		{46983E4E-CB28-47BF-BB85-6B4A50C0CEA9}.Debug|Any CPU.ActiveCfg = Debug|Any CPU
		{46983E4E-CB28-47BF-BB85-6B4A50C0CEA9}.Debug|Any CPU.Build.0 = Debug|Any CPU
		{46983E4E-CB28-47BF-BB85-6B4A50C0CEA9}.Release|Any CPU.ActiveCfg = Release|Any CPU
		{46983E4E-CB28-47BF-BB85-6B4A50C0CEA9}.Release|Any CPU.Build.0 = Release|Any CPU
		{37CDDC10-F1CD-43D8-90D8-94870BD08EE5}.Debug|Any CPU.ActiveCfg = Debug|Any CPU
		{37CDDC10-F1CD-43D8-90D8-94870BD08EE5}.Debug|Any CPU.Build.0 = Debug|Any CPU
		{37CDDC10-F1CD-43D8-90D8-94870BD08EE5}.Release|Any CPU.ActiveCfg = Release|Any CPU
		{37CDDC10-F1CD-43D8-90D8-94870BD08EE5}.Release|Any CPU.Build.0 = Release|Any CPU
	EndGlobalSection
	GlobalSection(SolutionProperties) = preSolution
		HideSolutionNode = FALSE
	EndGlobalSection
	GlobalSection(ExtensibilityGlobals) = postSolution
		SolutionGuid = {51356490-B9CE-4B2D-9212-4C7B61C3BFBD}
	EndGlobalSection
EndGlobal
